
Microsoft Visual Studio Solution File, Format Version 12.00
# Visual Studio Version 16
VisualStudioVersion = 16.0.31321.278
MinimumVisualStudioVersion = 10.0.40219.1
Project("{9A19103F-16F7-4668-BE54-9A1E7A4F7556}") = "TestKanban", "TestKanban\TestKanban.csproj", "{42D4D6A9-831E-459E-B2C3-37F281068E8B}"
EndProject
Project("{FAE04EC0-301F-11D3-BF4B-00C04F79EFBC}") = "TestKanban.Models", "TestKanban.Models\TestKanban.Models.csproj", "{F2B4A53A-7527-41AF-8DCA-743B46823F70}"
EndProject
Project("{FAE04EC0-301F-11D3-BF4B-00C04F79EFBC}") = "TestKanban.Infrastructure", "TestKanban.Infrastructure\TestKanban.Infrastructure.csproj", "{8F6503CF-315B-48D8-9933-6233F9F27D4A}"
EndProject
Global
	GlobalSection(SolutionConfigurationPlatforms) = preSolution
		Debug|Any CPU = Debug|Any CPU
		Debug|x64 = Debug|x64
		Release|Any CPU = Release|Any CPU
		Release|x64 = Release|x64
	EndGlobalSection
	GlobalSection(ProjectConfigurationPlatforms) = postSolution
		{42D4D6A9-831E-459E-B2C3-37F281068E8B}.Debug|Any CPU.ActiveCfg = Debug|Any CPU
		{42D4D6A9-831E-459E-B2C3-37F281068E8B}.Debug|Any CPU.Build.0 = Debug|Any CPU
		{42D4D6A9-831E-459E-B2C3-37F281068E8B}.Debug|x64.ActiveCfg = Debug|x64
		{42D4D6A9-831E-459E-B2C3-37F281068E8B}.Debug|x64.Build.0 = Debug|x64
		{42D4D6A9-831E-459E-B2C3-37F281068E8B}.Release|Any CPU.ActiveCfg = Release|Any CPU
		{42D4D6A9-831E-459E-B2C3-37F281068E8B}.Release|Any CPU.Build.0 = Release|Any CPU
		{42D4D6A9-831E-459E-B2C3-37F281068E8B}.Release|x64.ActiveCfg = Release|x64
		{42D4D6A9-831E-459E-B2C3-37F281068E8B}.Release|x64.Build.0 = Release|x64
		{F2B4A53A-7527-41AF-8DCA-743B46823F70}.Debug|Any CPU.ActiveCfg = Debug|Any CPU
		{F2B4A53A-7527-41AF-8DCA-743B46823F70}.Debug|Any CPU.Build.0 = Debug|Any CPU
		{F2B4A53A-7527-41AF-8DCA-743B46823F70}.Debug|x64.ActiveCfg = Debug|Any CPU
		{F2B4A53A-7527-41AF-8DCA-743B46823F70}.Debug|x64.Build.0 = Debug|Any CPU
		{F2B4A53A-7527-41AF-8DCA-743B46823F70}.Release|Any CPU.ActiveCfg = Release|Any CPU
		{F2B4A53A-7527-41AF-8DCA-743B46823F70}.Release|Any CPU.Build.0 = Release|Any CPU
		{F2B4A53A-7527-41AF-8DCA-743B46823F70}.Release|x64.ActiveCfg = Release|Any CPU
		{F2B4A53A-7527-41AF-8DCA-743B46823F70}.Release|x64.Build.0 = Release|Any CPU
		{8F6503CF-315B-48D8-9933-6233F9F27D4A}.Debug|Any CPU.ActiveCfg = Debug|Any CPU
		{8F6503CF-315B-48D8-9933-6233F9F27D4A}.Debug|Any CPU.Build.0 = Debug|Any CPU
		{8F6503CF-315B-48D8-9933-6233F9F27D4A}.Debug|x64.ActiveCfg = Debug|Any CPU
		{8F6503CF-315B-48D8-9933-6233F9F27D4A}.Debug|x64.Build.0 = Debug|Any CPU
		{8F6503CF-315B-48D8-9933-6233F9F27D4A}.Release|Any CPU.ActiveCfg = Release|Any CPU
		{8F6503CF-315B-48D8-9933-6233F9F27D4A}.Release|Any CPU.Build.0 = Release|Any CPU
		{8F6503CF-315B-48D8-9933-6233F9F27D4A}.Release|x64.ActiveCfg = Release|Any CPU
		{8F6503CF-315B-48D8-9933-6233F9F27D4A}.Release|x64.Build.0 = Release|Any CPU
	EndGlobalSection
	GlobalSection(SolutionProperties) = preSolution
		HideSolutionNode = FALSE
	EndGlobalSection
	GlobalSection(ExtensibilityGlobals) = postSolution
		SolutionGuid = {BB9AB8CA-C64F-41BC-BBDD-3249CD413F8B}
	EndGlobalSection
EndGlobal
